
Microsoft Visual Studio Solution File, Format Version 12.00
# Visual Studio Version 17
VisualStudioVersion = 17.5.33627.172
MinimumVisualStudioVersion = 10.0.40219.1
Project("{9A19103F-16F7-4668-BE54-9A1E7A4F7556}") = "Delta Lake Explorer", "Delta Lake Explorer\Delta Lake Explorer.csproj", "{F0AD20DC-1B84-4BD1-B77E-EB35C92C2AA1}"
EndProject
Project("{9A19103F-16F7-4668-BE54-9A1E7A4F7556}") = "Delta Lake Explorer.Core", "Delta Lake Explorer.Core\Delta Lake Explorer.Core.csproj", "{61017D48-42AF-435B-BEC5-D3E989D3EBC6}"
EndProject
Project("{9A19103F-16F7-4668-BE54-9A1E7A4F7556}") = "Delta Lake Explorer.Tests.MSTest", "Delta Lake Explorer.Tests.MSTest\Delta Lake Explorer.Tests.MSTest.csproj", "{54988D02-0D4C-4129-9C9B-84B5653CC23C}"
EndProject
Global
	GlobalSection(SolutionConfigurationPlatforms) = preSolution
		Debug|Any CPU = Debug|Any CPU
		Debug|arm64 = Debug|arm64
		Debug|x64 = Debug|x64
		Debug|x86 = Debug|x86
		Release|Any CPU = Release|Any CPU
		Release|arm64 = Release|arm64
		Release|x64 = Release|x64
		Release|x86 = Release|x86
	EndGlobalSection
	GlobalSection(ProjectConfigurationPlatforms) = postSolution
		{F0AD20DC-1B84-4BD1-B77E-EB35C92C2AA1}.Debug|Any CPU.ActiveCfg = Debug|x64
		{F0AD20DC-1B84-4BD1-B77E-EB35C92C2AA1}.Debug|Any CPU.Build.0 = Debug|x64
		{F0AD20DC-1B84-4BD1-B77E-EB35C92C2AA1}.Debug|Any CPU.Deploy.0 = Debug|x64
		{F0AD20DC-1B84-4BD1-B77E-EB35C92C2AA1}.Debug|arm64.ActiveCfg = Debug|arm64
		{F0AD20DC-1B84-4BD1-B77E-EB35C92C2AA1}.Debug|arm64.Build.0 = Debug|arm64
		{F0AD20DC-1B84-4BD1-B77E-EB35C92C2AA1}.Debug|arm64.Deploy.0 = Debug|arm64
		{F0AD20DC-1B84-4BD1-B77E-EB35C92C2AA1}.Debug|x64.ActiveCfg = Debug|x64
		{F0AD20DC-1B84-4BD1-B77E-EB35C92C2AA1}.Debug|x64.Build.0 = Debug|x64
		{F0AD20DC-1B84-4BD1-B77E-EB35C92C2AA1}.Debug|x64.Deploy.0 = Debug|x64
		{F0AD20DC-1B84-4BD1-B77E-EB35C92C2AA1}.Debug|x86.ActiveCfg = Debug|x86
		{F0AD20DC-1B84-4BD1-B77E-EB35C92C2AA1}.Debug|x86.Build.0 = Debug|x86
		{F0AD20DC-1B84-4BD1-B77E-EB35C92C2AA1}.Debug|x86.Deploy.0 = Debug|x86
		{F0AD20DC-1B84-4BD1-B77E-EB35C92C2AA1}.Release|Any CPU.ActiveCfg = Release|x64
		{F0AD20DC-1B84-4BD1-B77E-EB35C92C2AA1}.Release|Any CPU.Build.0 = Release|x64
		{F0AD20DC-1B84-4BD1-B77E-EB35C92C2AA1}.Release|Any CPU.Deploy.0 = Release|x64
		{F0AD20DC-1B84-4BD1-B77E-EB35C92C2AA1}.Release|arm64.ActiveCfg = Release|arm64
		{F0AD20DC-1B84-4BD1-B77E-EB35C92C2AA1}.Release|arm64.Build.0 = Release|arm64
		{F0AD20DC-1B84-4BD1-B77E-EB35C92C2AA1}.Release|arm64.Deploy.0 = Release|arm64
		{F0AD20DC-1B84-4BD1-B77E-EB35C92C2AA1}.Release|x64.ActiveCfg = Release|x64
		{F0AD20DC-1B84-4BD1-B77E-EB35C92C2AA1}.Release|x64.Build.0 = Release|x64
		{F0AD20DC-1B84-4BD1-B77E-EB35C92C2AA1}.Release|x64.Deploy.0 = Release|x64
		{F0AD20DC-1B84-4BD1-B77E-EB35C92C2AA1}.Release|x86.ActiveCfg = Release|x86
		{F0AD20DC-1B84-4BD1-B77E-EB35C92C2AA1}.Release|x86.Build.0 = Release|x86
		{F0AD20DC-1B84-4BD1-B77E-EB35C92C2AA1}.Release|x86.Deploy.0 = Release|x86
		{61017D48-42AF-435B-BEC5-D3E989D3EBC6}.Debug|Any CPU.ActiveCfg = Debug|Any CPU
		{61017D48-42AF-435B-BEC5-D3E989D3EBC6}.Debug|Any CPU.Build.0 = Debug|Any CPU
		{61017D48-42AF-435B-BEC5-D3E989D3EBC6}.Debug|arm64.ActiveCfg = Debug|arm64
		{61017D48-42AF-435B-BEC5-D3E989D3EBC6}.Debug|arm64.Build.0 = Debug|arm64
		{61017D48-42AF-435B-BEC5-D3E989D3EBC6}.Debug|x64.ActiveCfg = Debug|x64
		{61017D48-42AF-435B-BEC5-D3E989D3EBC6}.Debug|x64.Build.0 = Debug|x64
		{61017D48-42AF-435B-BEC5-D3E989D3EBC6}.Debug|x86.ActiveCfg = Debug|x86
		{61017D48-42AF-435B-BEC5-D3E989D3EBC6}.Debug|x86.Build.0 = Debug|x86
		{61017D48-42AF-435B-BEC5-D3E989D3EBC6}.Release|Any CPU.ActiveCfg = Release|Any CPU
		{61017D48-42AF-435B-BEC5-D3E989D3EBC6}.Release|Any CPU.Build.0 = Release|Any CPU
		{61017D48-42AF-435B-BEC5-D3E989D3EBC6}.Release|arm64.ActiveCfg = Release|arm64
		{61017D48-42AF-435B-BEC5-D3E989D3EBC6}.Release|arm64.Build.0 = Release|arm64
		{61017D48-42AF-435B-BEC5-D3E989D3EBC6}.Release|x64.ActiveCfg = Release|x64
		{61017D48-42AF-435B-BEC5-D3E989D3EBC6}.Release|x64.Build.0 = Release|x64
		{61017D48-42AF-435B-BEC5-D3E989D3EBC6}.Release|x86.ActiveCfg = Release|x86
		{61017D48-42AF-435B-BEC5-D3E989D3EBC6}.Release|x86.Build.0 = Release|x86
		{54988D02-0D4C-4129-9C9B-84B5653CC23C}.Debug|Any CPU.ActiveCfg = Debug|x64
		{54988D02-0D4C-4129-9C9B-84B5653CC23C}.Debug|Any CPU.Build.0 = Debug|x64
		{54988D02-0D4C-4129-9C9B-84B5653CC23C}.Debug|arm64.ActiveCfg = Debug|arm64
		{54988D02-0D4C-4129-9C9B-84B5653CC23C}.Debug|arm64.Build.0 = Debug|arm64
		{54988D02-0D4C-4129-9C9B-84B5653CC23C}.Debug|x64.ActiveCfg = Debug|x64
		{54988D02-0D4C-4129-9C9B-84B5653CC23C}.Debug|x64.Build.0 = Debug|x64
		{54988D02-0D4C-4129-9C9B-84B5653CC23C}.Debug|x86.ActiveCfg = Debug|x86
		{54988D02-0D4C-4129-9C9B-84B5653CC23C}.Debug|x86.Build.0 = Debug|x86
		{54988D02-0D4C-4129-9C9B-84B5653CC23C}.Release|Any CPU.ActiveCfg = Release|x64
		{54988D02-0D4C-4129-9C9B-84B5653CC23C}.Release|Any CPU.Build.0 = Release|x64
		{54988D02-0D4C-4129-9C9B-84B5653CC23C}.Release|arm64.ActiveCfg = Release|arm64
		{54988D02-0D4C-4129-9C9B-84B5653CC23C}.Release|arm64.Build.0 = Release|arm64
		{54988D02-0D4C-4129-9C9B-84B5653CC23C}.Release|x64.ActiveCfg = Release|x64
		{54988D02-0D4C-4129-9C9B-84B5653CC23C}.Release|x64.Build.0 = Release|x64
		{54988D02-0D4C-4129-9C9B-84B5653CC23C}.Release|x86.ActiveCfg = Release|x86
		{54988D02-0D4C-4129-9C9B-84B5653CC23C}.Release|x86.Build.0 = Release|x86
	EndGlobalSection
	GlobalSection(SolutionProperties) = preSolution
		HideSolutionNode = FALSE
	EndGlobalSection
	GlobalSection(ExtensibilityGlobals) = postSolution
		SolutionGuid = {05FCC381-C202-4A49-964E-EDABDD4956E8}
	EndGlobalSection
EndGlobal
